
Microsoft Visual Studio Solution File, Format Version 12.00
# Visual Studio Version 17
VisualStudioVersion = 17.1.32319.34
MinimumVisualStudioVersion = 10.0.40219.1
Project("{FAE04EC0-301F-11D3-BF4B-00C04F79EFBC}") = "MyGitHubProj", "MyGitHubProj\MyGitHubProj.csproj", "{AE20BAD5-AF78-48B0-A372-6DA501F220C4}"
EndProject
Global
	GlobalSection(SolutionConfigurationPlatforms) = preSolution
		Debug|Any CPU = Debug|Any CPU
		Release|Any CPU = Release|Any CPU
	EndGlobalSection
	GlobalSection(ProjectConfigurationPlatforms) = postSolution
		{AE20BAD5-AF78-48B0-A372-6DA501F220C4}.Debug|Any CPU.ActiveCfg = Debug|Any CPU
		{AE20BAD5-AF78-48B0-A372-6DA501F220C4}.Debug|Any CPU.Build.0 = Debug|Any CPU
		{AE20BAD5-AF78-48B0-A372-6DA501F220C4}.Release|Any CPU.ActiveCfg = Release|Any CPU
		{AE20BAD5-AF78-48B0-A372-6DA501F220C4}.Release|Any CPU.Build.0 = Release|Any CPU
	EndGlobalSection
	GlobalSection(SolutionProperties) = preSolution
		HideSolutionNode = FALSE
	EndGlobalSection
	GlobalSection(ExtensibilityGlobals) = postSolution
		SolutionGuid = {8A146654-D158-498A-9ACA-FE896DBACCE9}
	EndGlobalSection
EndGlobal
